
Microsoft Visual Studio Solution File, Format Version 12.00
# Visual Studio Version 17
VisualStudioVersion = 17.7.34031.279
MinimumVisualStudioVersion = 10.0.40219.1
Project("{FAE04EC0-301F-11D3-BF4B-00C04F79EFBC}") = "examen", "examen.csproj", "{1C2DC3A8-3E9A-4DEC-B324-4E154DAED399}"
EndProject
Global
	GlobalSection(SolutionConfigurationPlatforms) = preSolution
		Debug|Any CPU = Debug|Any CPU
		Release|Any CPU = Release|Any CPU
	EndGlobalSection
	GlobalSection(ProjectConfigurationPlatforms) = postSolution
		{1C2DC3A8-3E9A-4DEC-B324-4E154DAED399}.Debug|Any CPU.ActiveCfg = Debug|Any CPU
		{1C2DC3A8-3E9A-4DEC-B324-4E154DAED399}.Debug|Any CPU.Build.0 = Debug|Any CPU
		{1C2DC3A8-3E9A-4DEC-B324-4E154DAED399}.Release|Any CPU.ActiveCfg = Release|Any CPU
		{1C2DC3A8-3E9A-4DEC-B324-4E154DAED399}.Release|Any CPU.Build.0 = Release|Any CPU
	EndGlobalSection
	GlobalSection(SolutionProperties) = preSolution
		HideSolutionNode = FALSE
	EndGlobalSection
	GlobalSection(ExtensibilityGlobals) = postSolution
		SolutionGuid = {30868920-6F27-406F-8B80-774E9D642740}
	EndGlobalSection
EndGlobal
